{
    "version": 3,
    "terraform_version": "0.11.13",
    "serial": 2,
    "lineage": "bc88898c-c0ce-0b8f-b93b-2b4d13560f17",
    "modules": [
        {
            "path": [
                "root"
            ],
            "outputs": {
                "gitlab_public_ip": {
                    "sensitive": false,
                    "type": "list",
                    "value": [
                        "34.242.233.208"
                    ]
                }
            },
            "resources": {},
            "depends_on": []
        },
        {
            "path": [
                "root",
                "gitlab"
            ],
            "outputs": {
                "public_ip": {
                    "sensitive": false,
                    "type": "list",
                    "value": [
                        "34.242.233.208"
                    ]
                }
            },
            "resources": {
                "aws_instance.ec2": {
                    "type": "aws_instance",
                    "depends_on": [
                        "aws_key_pair.sshkey",
                        "data.external.ssh"
                    ],
                    "primary": {
                        "id": "i-0a9ac66160ca96998",
                        "attributes": {
                            "ami": "ami-0773391ae604c49a4",
                            "arn": "arn:aws:ec2:eu-west-1:253541839585:instance/i-0a9ac66160ca96998",
                            "associate_public_ip_address": "true",
                            "availability_zone": "eu-west-1c",
                            "cpu_core_count": "1",
                            "cpu_threads_per_core": "1",
                            "credit_specification.#": "1",
                            "credit_specification.0.cpu_credits": "standard",
                            "disable_api_termination": "false",
                            "ebs_block_device.#": "0",
                            "ebs_optimized": "false",
                            "ephemeral_block_device.#": "0",
                            "get_password_data": "false",
                            "iam_instance_profile": "",
                            "id": "i-0a9ac66160ca96998",
                            "instance_state": "running",
                            "instance_type": "t2.micro",
                            "ipv6_addresses.#": "0",
                            "key_name": "dmccuk",
                            "monitoring": "false",
                            "network_interface.#": "0",
                            "password_data": "",
                            "placement_group": "",
                            "primary_network_interface_id": "eni-06b27bad94d554ddc",
                            "private_dns": "ip-172-31-30-158.eu-west-1.compute.internal",
                            "private_ip": "172.31.30.158",
                            "public_dns": "ec2-34-242-233-208.eu-west-1.compute.amazonaws.com",
                            "public_ip": "34.242.233.208",
                            "root_block_device.#": "1",
                            "root_block_device.0.delete_on_termination": "true",
                            "root_block_device.0.iops": "100",
                            "root_block_device.0.volume_id": "vol-0a38b40a6fe29de7f",
                            "root_block_device.0.volume_size": "8",
                            "root_block_device.0.volume_type": "gp2",
                            "security_groups.#": "2",
                            "security_groups.1255920736": "gitlab",
                            "security_groups.4002270276": "ssh",
                            "source_dest_check": "true",
                            "subnet_id": "subnet-48a0cf00",
                            "tags.%": "1",
                            "tags.Name": "gitlab-1",
                            "tenancy": "default",
                            "volume_tags.%": "0",
                            "vpc_security_group_ids.#": "2",
                            "vpc_security_group_ids.1934805159": "sg-0175d8c1304933434",
                            "vpc_security_group_ids.2455130321": "sg-03892781104e6110b"
                        },
                        "meta": {
                            "e2bfb730-ecaa-11e6-8f88-34363bc7c4c0": {
                                "create": 600000000000,
                                "delete": 1200000000000,
                                "update": 600000000000
                            },
                            "schema_version": "1"
                        },
                        "tainted": false
                    },
                    "deposed": [],
                    "provider": "provider.aws"
                },
                "aws_key_pair.sshkey": {
                    "type": "aws_key_pair",
                    "depends_on": [
                        "data.external.ssh"
                    ],
                    "primary": {
                        "id": "dmccuk",
                        "attributes": {
                            "fingerprint": "9b:63:60:3b:39:30:40:f4:2e:44:90:a0:fb:98:31:01",
                            "id": "dmccuk",
                            "key_name": "dmccuk",
                            "public_key": "ssh-rsa AAAAB3NzaC1yc2EAAAADAQABAAABAQDiH0K6BMulFvxNWTWM0cjMlTTlyknKXGgjCi24WdAnF1JbPOUnyhfoWNN0FUxEsVd3cXYmiKIXlZSgLCyKd6IwXWN04hW0ozmN0CpNk5EiyxyRS8s3gsBQ6tgTKZBP4DsvWL5dEI8vlFTIOdCRP5VSX1XxuCjFkO+cgp0FowyWnVg53gzaEtH90sdjwuXMASS2MLZC/Fi5jg7s8akGJgCrKYhoqmE5kn3Yc2TAX9K0rmXoWHXxNFthYEReSmP/RQGO4sWZc42G5SdyI5ptd6bzlBonCoclNEi9k+tVJrYjstv/h0aYkwro3cXSZaGPwpv0BA4uJfE8VmPxAWr5W72h aarat.nathwani@techholding.co"
                        },
                        "meta": {
                            "schema_version": "1"
                        },
                        "tainted": false
                    },
                    "deposed": [],
                    "provider": "provider.aws"
                },
                "aws_security_group.gitlab": {
                    "type": "aws_security_group",
                    "depends_on": [],
                    "primary": {
                        "id": "sg-03892781104e6110b",
                        "attributes": {
                            "arn": "arn:aws:ec2:eu-west-1:253541839585:security-group/sg-03892781104e6110b",
                            "description": "Managed by Terraform",
                            "egress.#": "1",
                            "egress.482069346.cidr_blocks.#": "1",
                            "egress.482069346.cidr_blocks.0": "0.0.0.0/0",
                            "egress.482069346.description": "",
                            "egress.482069346.from_port": "0",
                            "egress.482069346.ipv6_cidr_blocks.#": "0",
                            "egress.482069346.prefix_list_ids.#": "0",
                            "egress.482069346.protocol": "-1",
                            "egress.482069346.security_groups.#": "0",
                            "egress.482069346.self": "false",
                            "egress.482069346.to_port": "0",
                            "id": "sg-03892781104e6110b",
                            "ingress.#": "1",
                            "ingress.2617001939.cidr_blocks.#": "1",
                            "ingress.2617001939.cidr_blocks.0": "0.0.0.0/0",
                            "ingress.2617001939.description": "",
                            "ingress.2617001939.from_port": "443",
                            "ingress.2617001939.ipv6_cidr_blocks.#": "0",
                            "ingress.2617001939.prefix_list_ids.#": "0",
                            "ingress.2617001939.protocol": "tcp",
                            "ingress.2617001939.security_groups.#": "0",
                            "ingress.2617001939.self": "false",
                            "ingress.2617001939.to_port": "443",
                            "name": "gitlab",
                            "owner_id": "253541839585",
                            "revoke_rules_on_delete": "false",
                            "tags.%": "0",
                            "vpc_id": "vpc-33143655"
                        },
                        "meta": {
                            "e2bfb730-ecaa-11e6-8f88-34363bc7c4c0": {
                                "create": 600000000000,
                                "delete": 600000000000
                            },
                            "schema_version": "1"
                        },
                        "tainted": false
                    },
                    "deposed": [],
                    "provider": "provider.aws"
                },
                "aws_security_group.ssh": {
                    "type": "aws_security_group",
                    "depends_on": [],
                    "primary": {
                        "id": "sg-0175d8c1304933434",
                        "attributes": {
                            "arn": "arn:aws:ec2:eu-west-1:253541839585:security-group/sg-0175d8c1304933434",
                            "description": "Managed by Terraform",
                            "egress.#": "0",
                            "id": "sg-0175d8c1304933434",
                            "ingress.#": "1",
                            "ingress.2541437006.cidr_blocks.#": "1",
                            "ingress.2541437006.cidr_blocks.0": "0.0.0.0/0",
                            "ingress.2541437006.description": "",
                            "ingress.2541437006.from_port": "22",
                            "ingress.2541437006.ipv6_cidr_blocks.#": "0",
                            "ingress.2541437006.prefix_list_ids.#": "0",
                            "ingress.2541437006.protocol": "tcp",
                            "ingress.2541437006.security_groups.#": "0",
                            "ingress.2541437006.self": "false",
                            "ingress.2541437006.to_port": "22",
                            "name": "ssh",
                            "owner_id": "253541839585",
                            "revoke_rules_on_delete": "false",
                            "tags.%": "0",
                            "vpc_id": "vpc-33143655"
                        },
                        "meta": {
                            "e2bfb730-ecaa-11e6-8f88-34363bc7c4c0": {
                                "create": 600000000000,
                                "delete": 600000000000
                            },
                            "schema_version": "1"
                        },
                        "tainted": false
                    },
                    "deposed": [],
                    "provider": "provider.aws"
                },
                "data.external.ssh": {
                    "type": "external",
                    "depends_on": [],
                    "primary": {
                        "id": "-",
                        "attributes": {
                            "id": "-",
                            "program.#": "2",
                            "program.0": "bash",
                            "program.1": "/Users/aarat/git/terraform_modules/stack/.terraform/modules/2c424ad0efad5ea0ad4f3f7c631fb3d4/../.scripts/ssh-gen.sh",
                            "result.%": "1",
                            "result.path": "~/.ssh/id_rsa"
                        },
                        "meta": {},
                        "tainted": false
                    },
                    "deposed": [],
                    "provider": "provider.external"
                }
            },
            "depends_on": []
        }
    ]
}
